
Microsoft Visual Studio Solution File, Format Version 12.00
# Visual Studio 2012
Project("{FAE04EC0-301F-11D3-BF4B-00C04F79EFBC}") = "TokyoChokoku", "libCOM\TokyoChokoku\TokyoChokoku.csproj", "{5EE77018-D89F-4CB7-B3A2-F50A81098A76}"
EndProject
Project("{FAE04EC0-301F-11D3-BF4B-00C04F79EFBC}") = "TokyoChokoku.Communication.CommandGenerateKit", "libCOM\TokyoChokoku.Communication.CommandGenerateKit\TokyoChokoku.Communication.CommandGenerateKit.csproj", "{2D9819B6-B515-4512-BDE3-61ABA96AF13A}"
EndProject
Project("{FAE04EC0-301F-11D3-BF4B-00C04F79EFBC}") = "TokyoChokoku.Communication.Shared", "libCOM\TokyoChokoku.Communication.Shared\TokyoChokoku.Communication.Shared.csproj", "{FD790F5C-ABF0-409F-8DE7-1D61559C0FAC}"
EndProject
Project("{FAE04EC0-301F-11D3-BF4B-00C04F79EFBC}") = "TokyoChokoku.Patmark", "TokyoChokoku.PatmarkStd\TokyoChokoku.Patmark.csproj", "{3DE4D17C-E3A0-408C-9154-C95B3D595433}"
EndProject
Project("{FAE04EC0-301F-11D3-BF4B-00C04F79EFBC}") = "TokyoChokoku.iOS.Custom", "TokyoChokoku.iOS.Custom\TokyoChokoku.iOS.Custom.csproj", "{F85F11B9-5D78-4F1C-AEF8-601073864996}"
EndProject
Project("{FAE04EC0-301F-11D3-BF4B-00C04F79EFBC}") = "TokyoChokoku.Patmark.iOS", "iOS\TokyoChokoku.Patmark.iOS.csproj", "{52C80098-BA06-4CF6-BABE-5B552FDBE03C}"
EndProject
Project("{FAE04EC0-301F-11D3-BF4B-00C04F79EFBC}") = "TokyoChokoku.Patmark.Droid", "Droid\TokyoChokoku.Patmark.Droid.csproj", "{D950D3EB-11E4-4291-BF6E-C544271C3842}"
EndProject
Project("{FAE04EC0-301F-11D3-BF4B-00C04F79EFBC}") = "TokyoChokoku.Modules", "libCOM\TokyoChokoku.Modules\TokyoChokoku.Modules.csproj", "{AD3037F2-D18B-4C54-B473-EA6680D847B7}"
EndProject
Project("{FAE04EC0-301F-11D3-BF4B-00C04F79EFBC}") = "Test.TokyoChokoku", "Test.TokyoChokoku\Test.TokyoChokoku.csproj", "{0D11D268-5517-4D14-AB74-791110CDDE60}"
EndProject
Project("{FAE04EC0-301F-11D3-BF4B-00C04F79EFBC}") = "Test.TokyoChokoku.Patmark", "Test.TokyoChokoku.Patmark\Test.TokyoChokoku.Patmark.csproj", "{4FCD0AE4-5B2F-40AF-BBA3-3F78360BA1CC}"
EndProject
Project("{FAE04EC0-301F-11D3-BF4B-00C04F79EFBC}") = "LibBinaryPPGFile", "libBPPG\LibBinaryPPGFile\LibBinaryPPGFile.csproj", "{239C9664-34F4-4D18-92FE-F8704A0497DE}"
EndProject
Project("{FAE04EC0-301F-11D3-BF4B-00C04F79EFBC}") = "Unicast.ProgressKit", "Unicast.ProgressKit\Unicast.ProgressKit.csproj", "{4E2EC0CD-AC53-4D2C-9DE6-3F6FED5182F2}"
EndProject
Project("{FAE04EC0-301F-11D3-BF4B-00C04F79EFBC}") = "Test.TokyoChokoku.Communication", "Test.TokyoChokoku.Communication\Test.TokyoChokoku.Communication.csproj", "{2D46EAF8-FA36-47B9-A76A-812B3645DABF}"
EndProject
Project("{FAE04EC0-301F-11D3-BF4B-00C04F79EFBC}") = "TokyoChokoku.Communication", "libCOM\TokyoChokoku.Communication\TokyoChokoku.Communication.csproj", "{ED3B1134-DC06-499D-95C9-4B4CC10F8953}"
EndProject
Project("{FAE04EC0-301F-11D3-BF4B-00C04F79EFBC}") = "TokyoChokoku.MarkinBox.SB2", "libSB2\TokyoChokoku.MarkinBox.SB2\TokyoChokoku.MarkinBox.SB2.csproj", "{2E902B62-B156-43F5-B434-4BC556F21EBC}"
EndProject
Project("{FAE04EC0-301F-11D3-BF4B-00C04F79EFBC}") = "TokyoChokoku.MarkinBox.Sketchbook.TemplateMeta", "libSB2\TokyoChokoku.MarkinBox.Sketchbook.TemplateMeta\TokyoChokoku.MarkinBox.Sketchbook.TemplateMeta.csproj", "{9FE8A326-72B2-4EA4-878E-A01F4B7B1AAE}"
EndProject
Project("{FAE04EC0-301F-11D3-BF4B-00C04F79EFBC}") = "TokyoChokoku.MarkinBox.Sketchbook.SharedConstants", "libSB2\TokyoChokoku.MarkinBox.Sketchbook.SharedConstants\TokyoChokoku.MarkinBox.Sketchbook.SharedConstants.csproj", "{E161979D-C149-4043-AABC-B21D42220D1D}"
EndProject
Project("{FAE04EC0-301F-11D3-BF4B-00C04F79EFBC}") = "TokyoChokoku.MarkinBox.Sketchbook.MetaCommunication", "libSB2\TokyoChokoku.MarkinBox.Sketchbook.MetaCommunication\TokyoChokoku.MarkinBox.Sketchbook.MetaCommunication.csproj", "{179D19AA-DFC9-402E-B395-8BD94BDA9A02}"
EndProject
Global
	GlobalSection(SolutionConfigurationPlatforms) = preSolution
		Debug|Any CPU = Debug|Any CPU
		Release|Any CPU = Release|Any CPU
		Debug|iPhoneSimulator = Debug|iPhoneSimulator
		Release|iPhone = Release|iPhone
		Release|iPhoneSimulator = Release|iPhoneSimulator
		Debug|iPhone = Debug|iPhone
	EndGlobalSection
	GlobalSection(ProjectConfigurationPlatforms) = postSolution
		{52C80098-BA06-4CF6-BABE-5B552FDBE03C}.Debug|Any CPU.ActiveCfg = Debug|iPhoneSimulator
		{52C80098-BA06-4CF6-BABE-5B552FDBE03C}.Debug|Any CPU.Build.0 = Debug|iPhoneSimulator
		{52C80098-BA06-4CF6-BABE-5B552FDBE03C}.Release|Any CPU.ActiveCfg = Release|iPhone
		{52C80098-BA06-4CF6-BABE-5B552FDBE03C}.Release|Any CPU.Build.0 = Release|iPhone
		{52C80098-BA06-4CF6-BABE-5B552FDBE03C}.Debug|iPhoneSimulator.ActiveCfg = Debug|iPhoneSimulator
		{52C80098-BA06-4CF6-BABE-5B552FDBE03C}.Debug|iPhoneSimulator.Build.0 = Debug|iPhoneSimulator
		{52C80098-BA06-4CF6-BABE-5B552FDBE03C}.Release|iPhone.ActiveCfg = Release|iPhone
		{52C80098-BA06-4CF6-BABE-5B552FDBE03C}.Release|iPhone.Build.0 = Release|iPhone
		{52C80098-BA06-4CF6-BABE-5B552FDBE03C}.Release|iPhoneSimulator.ActiveCfg = Release|iPhoneSimulator
		{52C80098-BA06-4CF6-BABE-5B552FDBE03C}.Release|iPhoneSimulator.Build.0 = Release|iPhoneSimulator
		{52C80098-BA06-4CF6-BABE-5B552FDBE03C}.Debug|iPhone.ActiveCfg = Debug|iPhone
		{52C80098-BA06-4CF6-BABE-5B552FDBE03C}.Debug|iPhone.Build.0 = Debug|iPhone
		{F85F11B9-5D78-4F1C-AEF8-601073864996}.Debug|Any CPU.ActiveCfg = Debug|Any CPU
		{F85F11B9-5D78-4F1C-AEF8-601073864996}.Debug|Any CPU.Build.0 = Debug|Any CPU
		{F85F11B9-5D78-4F1C-AEF8-601073864996}.Release|Any CPU.ActiveCfg = Release|Any CPU
		{F85F11B9-5D78-4F1C-AEF8-601073864996}.Release|Any CPU.Build.0 = Release|Any CPU
		{F85F11B9-5D78-4F1C-AEF8-601073864996}.Debug|iPhoneSimulator.ActiveCfg = Debug|Any CPU
		{F85F11B9-5D78-4F1C-AEF8-601073864996}.Debug|iPhoneSimulator.Build.0 = Debug|Any CPU
		{F85F11B9-5D78-4F1C-AEF8-601073864996}.Release|iPhone.ActiveCfg = Release|Any CPU
		{F85F11B9-5D78-4F1C-AEF8-601073864996}.Release|iPhone.Build.0 = Release|Any CPU
		{F85F11B9-5D78-4F1C-AEF8-601073864996}.Release|iPhoneSimulator.ActiveCfg = Release|Any CPU
		{F85F11B9-5D78-4F1C-AEF8-601073864996}.Release|iPhoneSimulator.Build.0 = Release|Any CPU
		{F85F11B9-5D78-4F1C-AEF8-601073864996}.Debug|iPhone.ActiveCfg = Debug|Any CPU
		{F85F11B9-5D78-4F1C-AEF8-601073864996}.Debug|iPhone.Build.0 = Debug|Any CPU
		{5EE77018-D89F-4CB7-B3A2-F50A81098A76}.Debug|Any CPU.ActiveCfg = Debug|Any CPU
		{5EE77018-D89F-4CB7-B3A2-F50A81098A76}.Debug|Any CPU.Build.0 = Debug|Any CPU
		{5EE77018-D89F-4CB7-B3A2-F50A81098A76}.Release|Any CPU.ActiveCfg = Release|Any CPU
		{5EE77018-D89F-4CB7-B3A2-F50A81098A76}.Release|Any CPU.Build.0 = Release|Any CPU
		{5EE77018-D89F-4CB7-B3A2-F50A81098A76}.Debug|iPhoneSimulator.ActiveCfg = Debug|Any CPU
		{5EE77018-D89F-4CB7-B3A2-F50A81098A76}.Debug|iPhoneSimulator.Build.0 = Debug|Any CPU
		{5EE77018-D89F-4CB7-B3A2-F50A81098A76}.Release|iPhone.ActiveCfg = Release|Any CPU
		{5EE77018-D89F-4CB7-B3A2-F50A81098A76}.Release|iPhone.Build.0 = Release|Any CPU
		{5EE77018-D89F-4CB7-B3A2-F50A81098A76}.Release|iPhoneSimulator.ActiveCfg = Release|Any CPU
		{5EE77018-D89F-4CB7-B3A2-F50A81098A76}.Release|iPhoneSimulator.Build.0 = Release|Any CPU
		{5EE77018-D89F-4CB7-B3A2-F50A81098A76}.Debug|iPhone.ActiveCfg = Debug|Any CPU
		{5EE77018-D89F-4CB7-B3A2-F50A81098A76}.Debug|iPhone.Build.0 = Debug|Any CPU
		{2D9819B6-B515-4512-BDE3-61ABA96AF13A}.Debug|Any CPU.ActiveCfg = Debug|Any CPU
		{2D9819B6-B515-4512-BDE3-61ABA96AF13A}.Debug|Any CPU.Build.0 = Debug|Any CPU
		{2D9819B6-B515-4512-BDE3-61ABA96AF13A}.Release|Any CPU.ActiveCfg = Release|Any CPU
		{2D9819B6-B515-4512-BDE3-61ABA96AF13A}.Release|Any CPU.Build.0 = Release|Any CPU
		{2D9819B6-B515-4512-BDE3-61ABA96AF13A}.Debug|iPhoneSimulator.ActiveCfg = Debug|Any CPU
		{2D9819B6-B515-4512-BDE3-61ABA96AF13A}.Debug|iPhoneSimulator.Build.0 = Debug|Any CPU
		{2D9819B6-B515-4512-BDE3-61ABA96AF13A}.Release|iPhone.ActiveCfg = Release|Any CPU
		{2D9819B6-B515-4512-BDE3-61ABA96AF13A}.Release|iPhone.Build.0 = Release|Any CPU
		{2D9819B6-B515-4512-BDE3-61ABA96AF13A}.Release|iPhoneSimulator.ActiveCfg = Release|Any CPU
		{2D9819B6-B515-4512-BDE3-61ABA96AF13A}.Release|iPhoneSimulator.Build.0 = Release|Any CPU
		{2D9819B6-B515-4512-BDE3-61ABA96AF13A}.Debug|iPhone.ActiveCfg = Debug|Any CPU
		{2D9819B6-B515-4512-BDE3-61ABA96AF13A}.Debug|iPhone.Build.0 = Debug|Any CPU
		{FD790F5C-ABF0-409F-8DE7-1D61559C0FAC}.Debug|Any CPU.ActiveCfg = Debug|Any CPU
		{FD790F5C-ABF0-409F-8DE7-1D61559C0FAC}.Debug|Any CPU.Build.0 = Debug|Any CPU
		{FD790F5C-ABF0-409F-8DE7-1D61559C0FAC}.Release|Any CPU.ActiveCfg = Release|Any CPU
		{FD790F5C-ABF0-409F-8DE7-1D61559C0FAC}.Release|Any CPU.Build.0 = Release|Any CPU
		{FD790F5C-ABF0-409F-8DE7-1D61559C0FAC}.Debug|iPhoneSimulator.ActiveCfg = Debug|Any CPU
		{FD790F5C-ABF0-409F-8DE7-1D61559C0FAC}.Debug|iPhoneSimulator.Build.0 = Debug|Any CPU
		{FD790F5C-ABF0-409F-8DE7-1D61559C0FAC}.Release|iPhone.ActiveCfg = Release|Any CPU
		{FD790F5C-ABF0-409F-8DE7-1D61559C0FAC}.Release|iPhone.Build.0 = Release|Any CPU
		{FD790F5C-ABF0-409F-8DE7-1D61559C0FAC}.Release|iPhoneSimulator.ActiveCfg = Release|Any CPU
		{FD790F5C-ABF0-409F-8DE7-1D61559C0FAC}.Release|iPhoneSimulator.Build.0 = Release|Any CPU
		{FD790F5C-ABF0-409F-8DE7-1D61559C0FAC}.Debug|iPhone.ActiveCfg = Debug|Any CPU
		{FD790F5C-ABF0-409F-8DE7-1D61559C0FAC}.Debug|iPhone.Build.0 = Debug|Any CPU
		{D950D3EB-11E4-4291-BF6E-C544271C3842}.Debug|Any CPU.ActiveCfg = Debug|Any CPU
		{D950D3EB-11E4-4291-BF6E-C544271C3842}.Debug|Any CPU.Build.0 = Debug|Any CPU
		{D950D3EB-11E4-4291-BF6E-C544271C3842}.Release|Any CPU.ActiveCfg = Release|Any CPU
		{D950D3EB-11E4-4291-BF6E-C544271C3842}.Release|Any CPU.Build.0 = Release|Any CPU
		{D950D3EB-11E4-4291-BF6E-C544271C3842}.Debug|iPhoneSimulator.ActiveCfg = Debug|Any CPU
		{D950D3EB-11E4-4291-BF6E-C544271C3842}.Debug|iPhoneSimulator.Build.0 = Debug|Any CPU
		{D950D3EB-11E4-4291-BF6E-C544271C3842}.Release|iPhone.ActiveCfg = Release|Any CPU
		{D950D3EB-11E4-4291-BF6E-C544271C3842}.Release|iPhone.Build.0 = Release|Any CPU
		{D950D3EB-11E4-4291-BF6E-C544271C3842}.Release|iPhoneSimulator.ActiveCfg = Release|Any CPU
		{D950D3EB-11E4-4291-BF6E-C544271C3842}.Release|iPhoneSimulator.Build.0 = Release|Any CPU
		{D950D3EB-11E4-4291-BF6E-C544271C3842}.Debug|iPhone.ActiveCfg = Debug|Any CPU
		{D950D3EB-11E4-4291-BF6E-C544271C3842}.Debug|iPhone.Build.0 = Debug|Any CPU
		{AD3037F2-D18B-4C54-B473-EA6680D847B7}.Debug|Any CPU.ActiveCfg = Debug|Any CPU
		{AD3037F2-D18B-4C54-B473-EA6680D847B7}.Debug|Any CPU.Build.0 = Debug|Any CPU
		{AD3037F2-D18B-4C54-B473-EA6680D847B7}.Release|Any CPU.ActiveCfg = Release|Any CPU
		{AD3037F2-D18B-4C54-B473-EA6680D847B7}.Release|Any CPU.Build.0 = Release|Any CPU
		{AD3037F2-D18B-4C54-B473-EA6680D847B7}.Debug|iPhoneSimulator.ActiveCfg = Debug|Any CPU
		{AD3037F2-D18B-4C54-B473-EA6680D847B7}.Debug|iPhoneSimulator.Build.0 = Debug|Any CPU
		{AD3037F2-D18B-4C54-B473-EA6680D847B7}.Release|iPhone.ActiveCfg = Release|Any CPU
		{AD3037F2-D18B-4C54-B473-EA6680D847B7}.Release|iPhone.Build.0 = Release|Any CPU
		{AD3037F2-D18B-4C54-B473-EA6680D847B7}.Release|iPhoneSimulator.ActiveCfg = Release|Any CPU
		{AD3037F2-D18B-4C54-B473-EA6680D847B7}.Release|iPhoneSimulator.Build.0 = Release|Any CPU
		{AD3037F2-D18B-4C54-B473-EA6680D847B7}.Debug|iPhone.ActiveCfg = Debug|Any CPU
		{AD3037F2-D18B-4C54-B473-EA6680D847B7}.Debug|iPhone.Build.0 = Debug|Any CPU
		{0D11D268-5517-4D14-AB74-791110CDDE60}.Debug|Any CPU.ActiveCfg = Debug|Any CPU
		{0D11D268-5517-4D14-AB74-791110CDDE60}.Debug|Any CPU.Build.0 = Debug|Any CPU
		{0D11D268-5517-4D14-AB74-791110CDDE60}.Release|Any CPU.ActiveCfg = Release|Any CPU
		{0D11D268-5517-4D14-AB74-791110CDDE60}.Release|Any CPU.Build.0 = Release|Any CPU
		{0D11D268-5517-4D14-AB74-791110CDDE60}.Debug|iPhoneSimulator.ActiveCfg = Debug|Any CPU
		{0D11D268-5517-4D14-AB74-791110CDDE60}.Debug|iPhoneSimulator.Build.0 = Debug|Any CPU
		{0D11D268-5517-4D14-AB74-791110CDDE60}.Release|iPhone.ActiveCfg = Release|Any CPU
		{0D11D268-5517-4D14-AB74-791110CDDE60}.Release|iPhone.Build.0 = Release|Any CPU
		{0D11D268-5517-4D14-AB74-791110CDDE60}.Release|iPhoneSimulator.ActiveCfg = Release|Any CPU
		{0D11D268-5517-4D14-AB74-791110CDDE60}.Release|iPhoneSimulator.Build.0 = Release|Any CPU
		{0D11D268-5517-4D14-AB74-791110CDDE60}.Debug|iPhone.ActiveCfg = Debug|Any CPU
		{0D11D268-5517-4D14-AB74-791110CDDE60}.Debug|iPhone.Build.0 = Debug|Any CPU
		{4FCD0AE4-5B2F-40AF-BBA3-3F78360BA1CC}.Debug|Any CPU.ActiveCfg = Debug|Any CPU
		{4FCD0AE4-5B2F-40AF-BBA3-3F78360BA1CC}.Debug|Any CPU.Build.0 = Debug|Any CPU
		{4FCD0AE4-5B2F-40AF-BBA3-3F78360BA1CC}.Release|Any CPU.ActiveCfg = Release|Any CPU
		{4FCD0AE4-5B2F-40AF-BBA3-3F78360BA1CC}.Release|Any CPU.Build.0 = Release|Any CPU
		{4FCD0AE4-5B2F-40AF-BBA3-3F78360BA1CC}.Debug|iPhoneSimulator.ActiveCfg = Debug|Any CPU
		{4FCD0AE4-5B2F-40AF-BBA3-3F78360BA1CC}.Debug|iPhoneSimulator.Build.0 = Debug|Any CPU
		{4FCD0AE4-5B2F-40AF-BBA3-3F78360BA1CC}.Release|iPhone.ActiveCfg = Release|Any CPU
		{4FCD0AE4-5B2F-40AF-BBA3-3F78360BA1CC}.Release|iPhone.Build.0 = Release|Any CPU
		{4FCD0AE4-5B2F-40AF-BBA3-3F78360BA1CC}.Release|iPhoneSimulator.ActiveCfg = Release|Any CPU
		{4FCD0AE4-5B2F-40AF-BBA3-3F78360BA1CC}.Release|iPhoneSimulator.Build.0 = Release|Any CPU
		{4FCD0AE4-5B2F-40AF-BBA3-3F78360BA1CC}.Debug|iPhone.ActiveCfg = Debug|Any CPU
		{4FCD0AE4-5B2F-40AF-BBA3-3F78360BA1CC}.Debug|iPhone.Build.0 = Debug|Any CPU
		{AAFBC537-CCF1-4549-8BB8-4C62B8425E50}.Debug|Any CPU.ActiveCfg = Debug|Any CPU
		{AAFBC537-CCF1-4549-8BB8-4C62B8425E50}.Debug|Any CPU.Build.0 = Debug|Any CPU
		{AAFBC537-CCF1-4549-8BB8-4C62B8425E50}.Release|Any CPU.ActiveCfg = Release|Any CPU
		{AAFBC537-CCF1-4549-8BB8-4C62B8425E50}.Release|Any CPU.Build.0 = Release|Any CPU
		{AAFBC537-CCF1-4549-8BB8-4C62B8425E50}.Debug|iPhoneSimulator.ActiveCfg = Debug|Any CPU
		{AAFBC537-CCF1-4549-8BB8-4C62B8425E50}.Debug|iPhoneSimulator.Build.0 = Debug|Any CPU
		{AAFBC537-CCF1-4549-8BB8-4C62B8425E50}.Release|iPhone.ActiveCfg = Release|Any CPU
		{AAFBC537-CCF1-4549-8BB8-4C62B8425E50}.Release|iPhone.Build.0 = Release|Any CPU
		{AAFBC537-CCF1-4549-8BB8-4C62B8425E50}.Release|iPhoneSimulator.ActiveCfg = Release|Any CPU
		{AAFBC537-CCF1-4549-8BB8-4C62B8425E50}.Release|iPhoneSimulator.Build.0 = Release|Any CPU
		{AAFBC537-CCF1-4549-8BB8-4C62B8425E50}.Debug|iPhone.ActiveCfg = Debug|Any CPU
		{AAFBC537-CCF1-4549-8BB8-4C62B8425E50}.Debug|iPhone.Build.0 = Debug|Any CPU
		{239C9664-34F4-4D18-92FE-F8704A0497DE}.Debug|Any CPU.ActiveCfg = Debug|Any CPU
		{239C9664-34F4-4D18-92FE-F8704A0497DE}.Debug|Any CPU.Build.0 = Debug|Any CPU
		{239C9664-34F4-4D18-92FE-F8704A0497DE}.Release|Any CPU.ActiveCfg = Release|Any CPU
		{239C9664-34F4-4D18-92FE-F8704A0497DE}.Release|Any CPU.Build.0 = Release|Any CPU
		{239C9664-34F4-4D18-92FE-F8704A0497DE}.Debug|iPhoneSimulator.ActiveCfg = Debug|Any CPU
		{239C9664-34F4-4D18-92FE-F8704A0497DE}.Debug|iPhoneSimulator.Build.0 = Debug|Any CPU
		{239C9664-34F4-4D18-92FE-F8704A0497DE}.Release|iPhone.ActiveCfg = Release|Any CPU
		{239C9664-34F4-4D18-92FE-F8704A0497DE}.Release|iPhone.Build.0 = Release|Any CPU
		{239C9664-34F4-4D18-92FE-F8704A0497DE}.Release|iPhoneSimulator.ActiveCfg = Release|Any CPU
		{239C9664-34F4-4D18-92FE-F8704A0497DE}.Release|iPhoneSimulator.Build.0 = Release|Any CPU
		{239C9664-34F4-4D18-92FE-F8704A0497DE}.Debug|iPhone.ActiveCfg = Debug|Any CPU
		{239C9664-34F4-4D18-92FE-F8704A0497DE}.Debug|iPhone.Build.0 = Debug|Any CPU
		{3DE4D17C-E3A0-408C-9154-C95B3D595433}.Debug|Any CPU.ActiveCfg = Debug|Any CPU
		{3DE4D17C-E3A0-408C-9154-C95B3D595433}.Debug|Any CPU.Build.0 = Debug|Any CPU
		{3DE4D17C-E3A0-408C-9154-C95B3D595433}.Release|Any CPU.ActiveCfg = Release|Any CPU
		{3DE4D17C-E3A0-408C-9154-C95B3D595433}.Release|Any CPU.Build.0 = Release|Any CPU
		{3DE4D17C-E3A0-408C-9154-C95B3D595433}.Debug|iPhoneSimulator.ActiveCfg = Debug|Any CPU
		{3DE4D17C-E3A0-408C-9154-C95B3D595433}.Debug|iPhoneSimulator.Build.0 = Debug|Any CPU
		{3DE4D17C-E3A0-408C-9154-C95B3D595433}.Debug|iPhone.ActiveCfg = Debug|Any CPU
		{3DE4D17C-E3A0-408C-9154-C95B3D595433}.Debug|iPhone.Build.0 = Debug|Any CPU
		{3DE4D17C-E3A0-408C-9154-C95B3D595433}.Release|iPhone.ActiveCfg = Release|Any CPU
		{3DE4D17C-E3A0-408C-9154-C95B3D595433}.Release|iPhone.Build.0 = Release|Any CPU
		{3DE4D17C-E3A0-408C-9154-C95B3D595433}.Release|iPhoneSimulator.ActiveCfg = Release|Any CPU
		{3DE4D17C-E3A0-408C-9154-C95B3D595433}.Release|iPhoneSimulator.Build.0 = Release|Any CPU
		{4E2EC0CD-AC53-4D2C-9DE6-3F6FED5182F2}.Debug|Any CPU.ActiveCfg = Debug|Any CPU
		{4E2EC0CD-AC53-4D2C-9DE6-3F6FED5182F2}.Debug|Any CPU.Build.0 = Debug|Any CPU
		{4E2EC0CD-AC53-4D2C-9DE6-3F6FED5182F2}.Release|Any CPU.ActiveCfg = Release|Any CPU
		{4E2EC0CD-AC53-4D2C-9DE6-3F6FED5182F2}.Release|Any CPU.Build.0 = Release|Any CPU
		{4E2EC0CD-AC53-4D2C-9DE6-3F6FED5182F2}.Debug|iPhoneSimulator.ActiveCfg = Debug|Any CPU
		{4E2EC0CD-AC53-4D2C-9DE6-3F6FED5182F2}.Debug|iPhoneSimulator.Build.0 = Debug|Any CPU
		{4E2EC0CD-AC53-4D2C-9DE6-3F6FED5182F2}.Release|iPhone.ActiveCfg = Release|Any CPU
		{4E2EC0CD-AC53-4D2C-9DE6-3F6FED5182F2}.Release|iPhone.Build.0 = Release|Any CPU
		{4E2EC0CD-AC53-4D2C-9DE6-3F6FED5182F2}.Release|iPhoneSimulator.ActiveCfg = Release|Any CPU
		{4E2EC0CD-AC53-4D2C-9DE6-3F6FED5182F2}.Release|iPhoneSimulator.Build.0 = Release|Any CPU
		{4E2EC0CD-AC53-4D2C-9DE6-3F6FED5182F2}.Debug|iPhone.ActiveCfg = Debug|Any CPU
		{4E2EC0CD-AC53-4D2C-9DE6-3F6FED5182F2}.Debug|iPhone.Build.0 = Debug|Any CPU
		{2D46EAF8-FA36-47B9-A76A-812B3645DABF}.Debug|Any CPU.ActiveCfg = Debug|Any CPU
		{2D46EAF8-FA36-47B9-A76A-812B3645DABF}.Debug|Any CPU.Build.0 = Debug|Any CPU
		{2D46EAF8-FA36-47B9-A76A-812B3645DABF}.Release|Any CPU.ActiveCfg = Release|Any CPU
		{2D46EAF8-FA36-47B9-A76A-812B3645DABF}.Release|Any CPU.Build.0 = Release|Any CPU
		{2D46EAF8-FA36-47B9-A76A-812B3645DABF}.Debug|iPhoneSimulator.ActiveCfg = Debug|Any CPU
		{2D46EAF8-FA36-47B9-A76A-812B3645DABF}.Debug|iPhoneSimulator.Build.0 = Debug|Any CPU
		{2D46EAF8-FA36-47B9-A76A-812B3645DABF}.Release|iPhone.ActiveCfg = Release|Any CPU
		{2D46EAF8-FA36-47B9-A76A-812B3645DABF}.Release|iPhone.Build.0 = Release|Any CPU
		{2D46EAF8-FA36-47B9-A76A-812B3645DABF}.Release|iPhoneSimulator.ActiveCfg = Release|Any CPU
		{2D46EAF8-FA36-47B9-A76A-812B3645DABF}.Release|iPhoneSimulator.Build.0 = Release|Any CPU
		{2D46EAF8-FA36-47B9-A76A-812B3645DABF}.Debug|iPhone.ActiveCfg = Debug|Any CPU
		{2D46EAF8-FA36-47B9-A76A-812B3645DABF}.Debug|iPhone.Build.0 = Debug|Any CPU
		{ED3B1134-DC06-499D-95C9-4B4CC10F8953}.Debug|Any CPU.ActiveCfg = Debug|Any CPU
		{ED3B1134-DC06-499D-95C9-4B4CC10F8953}.Debug|Any CPU.Build.0 = Debug|Any CPU
		{ED3B1134-DC06-499D-95C9-4B4CC10F8953}.Release|Any CPU.ActiveCfg = Release|Any CPU
		{ED3B1134-DC06-499D-95C9-4B4CC10F8953}.Release|Any CPU.Build.0 = Release|Any CPU
		{ED3B1134-DC06-499D-95C9-4B4CC10F8953}.Debug|iPhoneSimulator.ActiveCfg = Debug|Any CPU
		{ED3B1134-DC06-499D-95C9-4B4CC10F8953}.Debug|iPhoneSimulator.Build.0 = Debug|Any CPU
		{ED3B1134-DC06-499D-95C9-4B4CC10F8953}.Release|iPhone.ActiveCfg = Release|Any CPU
		{ED3B1134-DC06-499D-95C9-4B4CC10F8953}.Release|iPhone.Build.0 = Release|Any CPU
		{ED3B1134-DC06-499D-95C9-4B4CC10F8953}.Release|iPhoneSimulator.ActiveCfg = Release|Any CPU
		{ED3B1134-DC06-499D-95C9-4B4CC10F8953}.Release|iPhoneSimulator.Build.0 = Release|Any CPU
		{ED3B1134-DC06-499D-95C9-4B4CC10F8953}.Debug|iPhone.ActiveCfg = Debug|Any CPU
		{ED3B1134-DC06-499D-95C9-4B4CC10F8953}.Debug|iPhone.Build.0 = Debug|Any CPU
		{2E902B62-B156-43F5-B434-4BC556F21EBC}.Debug|Any CPU.ActiveCfg = Debug|Any CPU
		{2E902B62-B156-43F5-B434-4BC556F21EBC}.Debug|Any CPU.Build.0 = Debug|Any CPU
		{2E902B62-B156-43F5-B434-4BC556F21EBC}.Release|Any CPU.ActiveCfg = Release|Any CPU
		{2E902B62-B156-43F5-B434-4BC556F21EBC}.Release|Any CPU.Build.0 = Release|Any CPU
		{2E902B62-B156-43F5-B434-4BC556F21EBC}.Debug|iPhoneSimulator.ActiveCfg = Debug|Any CPU
		{2E902B62-B156-43F5-B434-4BC556F21EBC}.Debug|iPhoneSimulator.Build.0 = Debug|Any CPU
		{2E902B62-B156-43F5-B434-4BC556F21EBC}.Release|iPhone.ActiveCfg = Release|Any CPU
		{2E902B62-B156-43F5-B434-4BC556F21EBC}.Release|iPhone.Build.0 = Release|Any CPU
		{2E902B62-B156-43F5-B434-4BC556F21EBC}.Release|iPhoneSimulator.ActiveCfg = Release|Any CPU
		{2E902B62-B156-43F5-B434-4BC556F21EBC}.Release|iPhoneSimulator.Build.0 = Release|Any CPU
		{2E902B62-B156-43F5-B434-4BC556F21EBC}.Debug|iPhone.ActiveCfg = Debug|Any CPU
		{2E902B62-B156-43F5-B434-4BC556F21EBC}.Debug|iPhone.Build.0 = Debug|Any CPU
		{9FE8A326-72B2-4EA4-878E-A01F4B7B1AAE}.Debug|Any CPU.ActiveCfg = Debug|Any CPU
		{9FE8A326-72B2-4EA4-878E-A01F4B7B1AAE}.Debug|Any CPU.Build.0 = Debug|Any CPU
		{9FE8A326-72B2-4EA4-878E-A01F4B7B1AAE}.Release|Any CPU.ActiveCfg = Release|Any CPU
		{9FE8A326-72B2-4EA4-878E-A01F4B7B1AAE}.Release|Any CPU.Build.0 = Release|Any CPU
		{9FE8A326-72B2-4EA4-878E-A01F4B7B1AAE}.Debug|iPhoneSimulator.ActiveCfg = Debug|Any CPU
		{9FE8A326-72B2-4EA4-878E-A01F4B7B1AAE}.Debug|iPhoneSimulator.Build.0 = Debug|Any CPU
		{9FE8A326-72B2-4EA4-878E-A01F4B7B1AAE}.Release|iPhone.ActiveCfg = Release|Any CPU
		{9FE8A326-72B2-4EA4-878E-A01F4B7B1AAE}.Release|iPhone.Build.0 = Release|Any CPU
		{9FE8A326-72B2-4EA4-878E-A01F4B7B1AAE}.Release|iPhoneSimulator.ActiveCfg = Release|Any CPU
		{9FE8A326-72B2-4EA4-878E-A01F4B7B1AAE}.Release|iPhoneSimulator.Build.0 = Release|Any CPU
		{9FE8A326-72B2-4EA4-878E-A01F4B7B1AAE}.Debug|iPhone.ActiveCfg = Debug|Any CPU
		{9FE8A326-72B2-4EA4-878E-A01F4B7B1AAE}.Debug|iPhone.Build.0 = Debug|Any CPU
		{E161979D-C149-4043-AABC-B21D42220D1D}.Debug|Any CPU.ActiveCfg = Debug|Any CPU
		{E161979D-C149-4043-AABC-B21D42220D1D}.Debug|Any CPU.Build.0 = Debug|Any CPU
		{E161979D-C149-4043-AABC-B21D42220D1D}.Release|Any CPU.ActiveCfg = Release|Any CPU
		{E161979D-C149-4043-AABC-B21D42220D1D}.Release|Any CPU.Build.0 = Release|Any CPU
		{E161979D-C149-4043-AABC-B21D42220D1D}.Debug|iPhoneSimulator.ActiveCfg = Debug|Any CPU
		{E161979D-C149-4043-AABC-B21D42220D1D}.Debug|iPhoneSimulator.Build.0 = Debug|Any CPU
		{E161979D-C149-4043-AABC-B21D42220D1D}.Release|iPhone.ActiveCfg = Release|Any CPU
		{E161979D-C149-4043-AABC-B21D42220D1D}.Release|iPhone.Build.0 = Release|Any CPU
		{E161979D-C149-4043-AABC-B21D42220D1D}.Release|iPhoneSimulator.ActiveCfg = Release|Any CPU
		{E161979D-C149-4043-AABC-B21D42220D1D}.Release|iPhoneSimulator.Build.0 = Release|Any CPU
		{E161979D-C149-4043-AABC-B21D42220D1D}.Debug|iPhone.ActiveCfg = Debug|Any CPU
		{E161979D-C149-4043-AABC-B21D42220D1D}.Debug|iPhone.Build.0 = Debug|Any CPU
		{179D19AA-DFC9-402E-B395-8BD94BDA9A02}.Debug|Any CPU.ActiveCfg = Debug|Any CPU
		{179D19AA-DFC9-402E-B395-8BD94BDA9A02}.Debug|Any CPU.Build.0 = Debug|Any CPU
		{179D19AA-DFC9-402E-B395-8BD94BDA9A02}.Release|Any CPU.ActiveCfg = Release|Any CPU
		{179D19AA-DFC9-402E-B395-8BD94BDA9A02}.Release|Any CPU.Build.0 = Release|Any CPU
		{179D19AA-DFC9-402E-B395-8BD94BDA9A02}.Debug|iPhoneSimulator.ActiveCfg = Debug|Any CPU
		{179D19AA-DFC9-402E-B395-8BD94BDA9A02}.Debug|iPhoneSimulator.Build.0 = Debug|Any CPU
		{179D19AA-DFC9-402E-B395-8BD94BDA9A02}.Release|iPhone.ActiveCfg = Release|Any CPU
		{179D19AA-DFC9-402E-B395-8BD94BDA9A02}.Release|iPhone.Build.0 = Release|Any CPU
		{179D19AA-DFC9-402E-B395-8BD94BDA9A02}.Release|iPhoneSimulator.ActiveCfg = Release|Any CPU
		{179D19AA-DFC9-402E-B395-8BD94BDA9A02}.Release|iPhoneSimulator.Build.0 = Release|Any CPU
		{179D19AA-DFC9-402E-B395-8BD94BDA9A02}.Debug|iPhone.ActiveCfg = Debug|Any CPU
		{179D19AA-DFC9-402E-B395-8BD94BDA9A02}.Debug|iPhone.Build.0 = Debug|Any CPU
	EndGlobalSection
	GlobalSection(MonoDevelopProperties) = preSolution
		Policies = $0
		$0.DotNetNamingPolicy = $1
		$1.DirectoryNamespaceAssociation = PrefixedHierarchical
	EndGlobalSection
EndGlobal
