
Microsoft Visual Studio Solution File, Format Version 11.00
# Visual Studio 2010
Project("{FAE04EC0-301F-11D3-BF4B-00C04F79EFBC}") = "TokyoChokoku.MarkinBox.Sketchbook.UITests", "TokyoChokoku.MarkinBox.Sketchbook.UITests.csproj", "{10965651-F443-4360-B741-BCE20D9FB95E}"
EndProject
Global
	GlobalSection(SolutionConfigurationPlatforms) = preSolution
		Debug|Any CPU = Debug|Any CPU
		Release|Any CPU = Release|Any CPU
	EndGlobalSection
	GlobalSection(ProjectConfigurationPlatforms) = postSolution
		{10965651-F443-4360-B741-BCE20D9FB95E}.Debug|Any CPU.ActiveCfg = Debug|Any CPU
		{10965651-F443-4360-B741-BCE20D9FB95E}.Debug|Any CPU.Build.0 = Debug|Any CPU
		{10965651-F443-4360-B741-BCE20D9FB95E}.Release|Any CPU.ActiveCfg = Release|Any CPU
		{10965651-F443-4360-B741-BCE20D9FB95E}.Release|Any CPU.Build.0 = Release|Any CPU
	EndGlobalSection
EndGlobal
